
Microsoft Visual Studio Solution File, Format Version 12.00
# Visual Studio Version 17
VisualStudioVersion = 17.11.35312.102
MinimumVisualStudioVersion = 10.0.40219.1
Project("{FAE04EC0-301F-11D3-BF4B-00C04F79EFBC}") = "SnippingTool", "SnippingTool\SnippingTool.csproj", "{060251ED-5D8A-4E68-9AA4-ABAB60F90489}"
EndProject
Global
	GlobalSection(SolutionConfigurationPlatforms) = preSolution
		Debug|Any CPU = Debug|Any CPU
		Release|Any CPU = Release|Any CPU
	EndGlobalSection
	GlobalSection(ProjectConfigurationPlatforms) = postSolution
		{060251ED-5D8A-4E68-9AA4-ABAB60F90489}.Debug|Any CPU.ActiveCfg = Debug|Any CPU
		{060251ED-5D8A-4E68-9AA4-ABAB60F90489}.Debug|Any CPU.Build.0 = Debug|Any CPU
		{060251ED-5D8A-4E68-9AA4-ABAB60F90489}.Release|Any CPU.ActiveCfg = Release|Any CPU
		{060251ED-5D8A-4E68-9AA4-ABAB60F90489}.Release|Any CPU.Build.0 = Release|Any CPU
	EndGlobalSection
	GlobalSection(SolutionProperties) = preSolution
		HideSolutionNode = FALSE
	EndGlobalSection
	GlobalSection(ExtensibilityGlobals) = postSolution
		SolutionGuid = {32FA2570-9EA7-41D0-B502-F2296DF2FFC3}
	EndGlobalSection
EndGlobal
